<Solution>
  <Project Path="LabRoomPlayTests.csproj" />
  <Project Path="GameScripts.csproj" />
  <Project Path="Assembly-CSharp.csproj" />
  <Project Path="RepairFireMinigamePlayTests.csproj" />
  <Project Path="RepairCollisionPlayTests.csproj" />
  <Project Path="CargoRoomPlayTests.csproj" />
  <Project Path="PlayModeTests.csproj" />
  <Project Path="EditModeTests.csproj" />
</Solution>
